
Microsoft Visual Studio Solution File, Format Version 12.00
# Visual Studio Version 16
VisualStudioVersion = 16.0.31129.286
MinimumVisualStudioVersion = 10.0.40219.1
Project("{FAE04EC0-301F-11D3-BF4B-00C04F79EFBC}") = "EjerciciosModulo_1", "EjerciciosModulo_1\EjerciciosModulo_1.csproj", "{9605412A-C838-4E16-8B52-1A4DC8F0E2B5}"
EndProject
Global
	GlobalSection(SolutionConfigurationPlatforms) = preSolution
		Debug|Any CPU = Debug|Any CPU
		Release|Any CPU = Release|Any CPU
	EndGlobalSection
	GlobalSection(ProjectConfigurationPlatforms) = postSolution
		{9605412A-C838-4E16-8B52-1A4DC8F0E2B5}.Debug|Any CPU.ActiveCfg = Debug|Any CPU
		{9605412A-C838-4E16-8B52-1A4DC8F0E2B5}.Debug|Any CPU.Build.0 = Debug|Any CPU
		{9605412A-C838-4E16-8B52-1A4DC8F0E2B5}.Release|Any CPU.ActiveCfg = Release|Any CPU
		{9605412A-C838-4E16-8B52-1A4DC8F0E2B5}.Release|Any CPU.Build.0 = Release|Any CPU
	EndGlobalSection
	GlobalSection(SolutionProperties) = preSolution
		HideSolutionNode = FALSE
	EndGlobalSection
	GlobalSection(ExtensibilityGlobals) = postSolution
		SolutionGuid = {B1635628-CC10-41FA-8AC2-3752DE5F7EDE}
	EndGlobalSection
EndGlobal
